
Microsoft Visual Studio Solution File, Format Version 12.00
# Visual Studio Version 16
VisualStudioVersion = 16.0.34031.81
MinimumVisualStudioVersion = 10.0.40219.1
Project("{FAE04EC0-301F-11D3-BF4B-00C04F79EFBC}") = "Shopping.Client", "Shopping.Client\Shopping.Client.csproj", "{37FD61D9-4F75-4449-A09C-04D613BA4EAE}"
EndProject
Global
	GlobalSection(SolutionConfigurationPlatforms) = preSolution
		Debug|Any CPU = Debug|Any CPU
		Release|Any CPU = Release|Any CPU
	EndGlobalSection
	GlobalSection(ProjectConfigurationPlatforms) = postSolution
		{37FD61D9-4F75-4449-A09C-04D613BA4EAE}.Debug|Any CPU.ActiveCfg = Debug|Any CPU
		{37FD61D9-4F75-4449-A09C-04D613BA4EAE}.Debug|Any CPU.Build.0 = Debug|Any CPU
		{37FD61D9-4F75-4449-A09C-04D613BA4EAE}.Release|Any CPU.ActiveCfg = Release|Any CPU
		{37FD61D9-4F75-4449-A09C-04D613BA4EAE}.Release|Any CPU.Build.0 = Release|Any CPU
	EndGlobalSection
	GlobalSection(SolutionProperties) = preSolution
		HideSolutionNode = FALSE
	EndGlobalSection
	GlobalSection(ExtensibilityGlobals) = postSolution
		SolutionGuid = {2E94B28E-CC52-4F91-866B-44559E82A376}
	EndGlobalSection
EndGlobal
